{
  "version": "4",
  "specifiers": {
    "jsr:@hono/hono@^4.6.17": "4.6.17",
    "jsr:@iwc/random-slug@~0.1.2": "0.1.2",
    "jsr:@std/ulid@1": "1.0.0",
    "jsr:@valibot/valibot@~0.42.1": "0.42.1"
  },
  "jsr": {
    "@hono/hono@4.6.17": {
      "integrity": "932fcc61d043b14a8b2cb65242716eb32da44e91f2ee117fd7390508669fea31"
    },
    "@iwc/random-slug@0.1.2": {
      "integrity": "f664e2d0947b7633d41fbf8ea220cda38d3c04f05f47d4c9f8dcc15a0267c999"
    },
    "@std/ulid@1.0.0": {
      "integrity": "d41c3d27a907714413649fee864b7cde8d42ee68437d22b79d5de4f81d808780"
    },
    "@valibot/valibot@0.42.1": {
      "integrity": "ba0f6f7964aaeec0e4b1f793d575061f325ae6254cbb9d7ff01fb65068a0a23b"
    }
  },
  "redirects": {
    "https://esm.sh/seroval@^0.10.4?target=denonext": "https://esm.sh/seroval@0.10.4?target=denonext",
    "https://esm.sh/solid-js@^1.6.12?target=denonext": "https://esm.sh/solid-js@1.9.4?target=denonext"
  },
  "remote": {
    "https://esm.sh/@solid-primitives/websocket@1.3.0": "95910ae596b5893c40546880ec49a5cf9f7d99836e9fd63a26c80497c5d2d3c7",
    "https://esm.sh/@solid-primitives/websocket@1.3.0/denonext/websocket.mjs": "80796d7f28ae7b803a1402a9a8c2abaa70dc67d64a061a74f538ffa05844ae52",
    "https://esm.sh/seroval@0.10.4/denonext/seroval.mjs": "2f560b4f4b98eb7ca9f658d13914d25847d06615ec65913ddd62c8c1e4399c9e",
    "https://esm.sh/seroval@0.10.4?target=denonext": "86ddc5fc35f653d0ef0d6f5b73700650fb6a4a1d73c829135eef7b35b1986bf6",
    "https://esm.sh/solid-js@1.8.1": "d99df83a2aa5a5255fb193c0a0c662f26e0ab52aa8c5a493110224669a7caaad",
    "https://esm.sh/solid-js@1.8.1/denonext/html.mjs": "ce47027f5bfb608b25f322393570bb72199402771f7055aa9cde4b391e0f26f1",
    "https://esm.sh/solid-js@1.8.1/denonext/solid-js.mjs": "14199c0e68f13ecd999d437be3f5713b07ce4c48909bcee945543d526dc8b36f",
    "https://esm.sh/solid-js@1.8.1/denonext/web.mjs": "081aad5aa6060e93d662cb59c953ae0b48b21af2016b5c9027659ad63ff66115",
    "https://esm.sh/solid-js@1.8.1/html": "054ee0a2ec776bb3c6203e2c321e299b705e9faf9fccc14a699ab5c01d0a26af",
    "https://esm.sh/solid-js@1.8.1/web": "a15f9fe1be7ed33b3d7add4f414e449528f44474dcbb0b99b52db564e341bc21",
    "https://esm.sh/solid-js@1.9.4/denonext/solid-js.mjs": "7bac191eda42dd06ffa78be42a8487f014440890b887776ad2a5faf3078879fb",
    "https://esm.sh/solid-js@1.9.4?target=denonext": "3de10c19dc7068e345f43cf3aa467bdd2172b966f34566dabb823e7d25f66bec"
  },
  "workspace": {
    "dependencies": [
      "jsr:@hono/hono@^4.6.17",
      "jsr:@iwc/random-slug@~0.1.2",
      "jsr:@std/ulid@1",
      "jsr:@valibot/valibot@~0.42.1"
    ]
  }
}
